
Microsoft Visual Studio Solution File, Format Version 12.00
# Visual Studio Version 17
VisualStudioVersion = 17.9.34607.119
MinimumVisualStudioVersion = 10.0.40219.1
Project("{9A19103F-16F7-4668-BE54-9A1E7A4F7556}") = "Pacagroup.Ecommerce.Transversal.Common", "Pacagroup.Ecommerce.Transversal.Common\Pacagroup.Ecommerce.Transversal.Common.csproj", "{D8EC6D4D-34E8-48C7-A4D4-70E09C8EC869}"
EndProject
Project("{2150E333-8FDC-42A3-9474-1A3956D46DE8}") = "4.Transversal", "4.Transversal", "{F2CCA2BD-95D1-4F9F-A033-C49F9CA42728}"
EndProject
Project("{2150E333-8FDC-42A3-9474-1A3956D46DE8}") = "2.Infraestructura", "2.Infraestructura", "{1A9F520D-2229-4321-A82E-FB3353E6EB71}"
EndProject
Project("{2150E333-8FDC-42A3-9474-1A3956D46DE8}") = "0.Servicio", "0.Servicio", "{3E4E55E7-0B5A-4293-9A46-BBFEA6E2DE01}"
EndProject
Project("{2150E333-8FDC-42A3-9474-1A3956D46DE8}") = "1.Aplicacion", "1.Aplicacion", "{86E58887-2EF0-442A-9F51-F40ABC361E74}"
EndProject
Project("{2150E333-8FDC-42A3-9474-1A3956D46DE8}") = "3.Dominio", "3.Dominio", "{46EB0178-B93C-4F6F-8742-0CF8756FACE2}"
EndProject
Project("{9A19103F-16F7-4668-BE54-9A1E7A4F7556}") = "Pacagroup.Ecommerce.Domain", "Pacagroup.Ecommerce.Domain.Entity\Pacagroup.Ecommerce.Domain.csproj", "{1FA2B7FA-D54E-49C4-B821-DE3CD37FA724}"
EndProject
Project("{9A19103F-16F7-4668-BE54-9A1E7A4F7556}") = "Pacagroup.Ecommerce.Application.DTO", "Packagroup.Ecommerce.Applicaion.DTO\Pacagroup.Ecommerce.Application.DTO.csproj", "{20E6E2C3-6BD1-4CA7-91A1-407FEFB8F109}"
EndProject
Project("{9A19103F-16F7-4668-BE54-9A1E7A4F7556}") = "Pacagroup.Ecommerce.Application.Interface", "Pacagroup.Ecommerce.Application.Interface\Pacagroup.Ecommerce.Application.Interface.csproj", "{44785AD0-01B9-4982-9B17-858B2184F6DC}"
EndProject
Project("{9A19103F-16F7-4668-BE54-9A1E7A4F7556}") = "Pacagroup.Ecommerce.Application.UseCases", "Pacagroup.Ecommerce.Application.Main\Pacagroup.Ecommerce.Application.UseCases.csproj", "{935D5AEA-7D05-43AD-9BE3-8479706EF6B3}"
EndProject
Project("{9A19103F-16F7-4668-BE54-9A1E7A4F7556}") = "Pacagroup.Ecommerce.Services.WebApi", "Pacagroup.Ecommerce.Services.WebApi\Pacagroup.Ecommerce.Services.WebApi.csproj", "{D72E532F-15D0-4075-8121-4752367128D7}"
EndProject
Project("{9A19103F-16F7-4668-BE54-9A1E7A4F7556}") = "Pacagroup.Ecommerce.Application.Validator", "Pacagroup.Ecommerce.Application.Validator\Pacagroup.Ecommerce.Application.Validator.csproj", "{CAF996ED-BE54-4118-A8DD-B193835E1A00}"
EndProject
Project("{2150E333-8FDC-42A3-9474-1A3956D46DE8}") = "5.Pruebas", "5.Pruebas", "{BE6BA579-97C9-4483-B374-AEE321EC7D31}"
EndProject
Project("{9A19103F-16F7-4668-BE54-9A1E7A4F7556}") = "Pacagroup.Ecommerce.Application.Test", "Pacagroup.Ecommerce.Application.Test\Pacagroup.Ecommerce.Application.Test.csproj", "{4F18825A-23DA-4F5A-B716-EFC6B906EC1F}"
EndProject
Project("{2150E333-8FDC-42A3-9474-1A3956D46DE8}") = "Elementos de la solución", "Elementos de la solución", "{4B8EBA51-4DF9-403B-827F-1D6BE5D21325}"
	ProjectSection(SolutionItems) = preProject
		Notas.txt = Notas.txt
	EndProjectSection
EndProject
Project("{9A19103F-16F7-4668-BE54-9A1E7A4F7556}") = "Pacagroup.Ecommerce.Transversal.Logging", "Pacagroup.Ecommerce.Transversal.Logging\Pacagroup.Ecommerce.Transversal.Logging.csproj", "{865B8089-B895-47C8-8E70-698FB4E4AD65}"
EndProject
Project("{9A19103F-16F7-4668-BE54-9A1E7A4F7556}") = "Pacagroup.Ecommerce.Services.WebApp", "Pacagroup.Ecommerce.Services.WebApp\Pacagroup.Ecommerce.Services.WebApp.csproj", "{7E93213E-818B-4755-9F43-2BA6412B5B7A}"
EndProject
Project("{9A19103F-16F7-4668-BE54-9A1E7A4F7556}") = "Pacagroup.Ecommerce.Persistence", "Pacagroup.Ecommerce.Persistence\Pacagroup.Ecommerce.Persistence.csproj", "{8D405B65-4E29-42CF-A702-4E702CCA6D8C}"
EndProject
Project("{9A19103F-16F7-4668-BE54-9A1E7A4F7556}") = "Pacagroup.Ecommerce.Infrastructure", "Pacagroup.Ecommerce.Infrastructure\Pacagroup.Ecommerce.Infrastructure.csproj", "{E8F5AE35-FEF8-43A6-BC46-F59FFC7179F5}"
EndProject
Global
	GlobalSection(SolutionConfigurationPlatforms) = preSolution
		Debug|Any CPU = Debug|Any CPU
		Release|Any CPU = Release|Any CPU
	EndGlobalSection
	GlobalSection(ProjectConfigurationPlatforms) = postSolution
		{D8EC6D4D-34E8-48C7-A4D4-70E09C8EC869}.Debug|Any CPU.ActiveCfg = Debug|Any CPU
		{D8EC6D4D-34E8-48C7-A4D4-70E09C8EC869}.Debug|Any CPU.Build.0 = Debug|Any CPU
		{D8EC6D4D-34E8-48C7-A4D4-70E09C8EC869}.Release|Any CPU.ActiveCfg = Release|Any CPU
		{D8EC6D4D-34E8-48C7-A4D4-70E09C8EC869}.Release|Any CPU.Build.0 = Release|Any CPU
		{1FA2B7FA-D54E-49C4-B821-DE3CD37FA724}.Debug|Any CPU.ActiveCfg = Debug|Any CPU
		{1FA2B7FA-D54E-49C4-B821-DE3CD37FA724}.Debug|Any CPU.Build.0 = Debug|Any CPU
		{1FA2B7FA-D54E-49C4-B821-DE3CD37FA724}.Release|Any CPU.ActiveCfg = Release|Any CPU
		{1FA2B7FA-D54E-49C4-B821-DE3CD37FA724}.Release|Any CPU.Build.0 = Release|Any CPU
		{20E6E2C3-6BD1-4CA7-91A1-407FEFB8F109}.Debug|Any CPU.ActiveCfg = Debug|Any CPU
		{20E6E2C3-6BD1-4CA7-91A1-407FEFB8F109}.Debug|Any CPU.Build.0 = Debug|Any CPU
		{20E6E2C3-6BD1-4CA7-91A1-407FEFB8F109}.Release|Any CPU.ActiveCfg = Release|Any CPU
		{20E6E2C3-6BD1-4CA7-91A1-407FEFB8F109}.Release|Any CPU.Build.0 = Release|Any CPU
		{44785AD0-01B9-4982-9B17-858B2184F6DC}.Debug|Any CPU.ActiveCfg = Debug|Any CPU
		{44785AD0-01B9-4982-9B17-858B2184F6DC}.Debug|Any CPU.Build.0 = Debug|Any CPU
		{44785AD0-01B9-4982-9B17-858B2184F6DC}.Release|Any CPU.ActiveCfg = Release|Any CPU
		{44785AD0-01B9-4982-9B17-858B2184F6DC}.Release|Any CPU.Build.0 = Release|Any CPU
		{935D5AEA-7D05-43AD-9BE3-8479706EF6B3}.Debug|Any CPU.ActiveCfg = Debug|Any CPU
		{935D5AEA-7D05-43AD-9BE3-8479706EF6B3}.Debug|Any CPU.Build.0 = Debug|Any CPU
		{935D5AEA-7D05-43AD-9BE3-8479706EF6B3}.Release|Any CPU.ActiveCfg = Release|Any CPU
		{935D5AEA-7D05-43AD-9BE3-8479706EF6B3}.Release|Any CPU.Build.0 = Release|Any CPU
		{D72E532F-15D0-4075-8121-4752367128D7}.Debug|Any CPU.ActiveCfg = Debug|Any CPU
		{D72E532F-15D0-4075-8121-4752367128D7}.Debug|Any CPU.Build.0 = Debug|Any CPU
		{D72E532F-15D0-4075-8121-4752367128D7}.Release|Any CPU.ActiveCfg = Release|Any CPU
		{D72E532F-15D0-4075-8121-4752367128D7}.Release|Any CPU.Build.0 = Release|Any CPU
		{CAF996ED-BE54-4118-A8DD-B193835E1A00}.Debug|Any CPU.ActiveCfg = Debug|Any CPU
		{CAF996ED-BE54-4118-A8DD-B193835E1A00}.Debug|Any CPU.Build.0 = Debug|Any CPU
		{CAF996ED-BE54-4118-A8DD-B193835E1A00}.Release|Any CPU.ActiveCfg = Release|Any CPU
		{CAF996ED-BE54-4118-A8DD-B193835E1A00}.Release|Any CPU.Build.0 = Release|Any CPU
		{4F18825A-23DA-4F5A-B716-EFC6B906EC1F}.Debug|Any CPU.ActiveCfg = Debug|Any CPU
		{4F18825A-23DA-4F5A-B716-EFC6B906EC1F}.Debug|Any CPU.Build.0 = Debug|Any CPU
		{4F18825A-23DA-4F5A-B716-EFC6B906EC1F}.Release|Any CPU.ActiveCfg = Release|Any CPU
		{4F18825A-23DA-4F5A-B716-EFC6B906EC1F}.Release|Any CPU.Build.0 = Release|Any CPU
		{865B8089-B895-47C8-8E70-698FB4E4AD65}.Debug|Any CPU.ActiveCfg = Debug|Any CPU
		{865B8089-B895-47C8-8E70-698FB4E4AD65}.Debug|Any CPU.Build.0 = Debug|Any CPU
		{865B8089-B895-47C8-8E70-698FB4E4AD65}.Release|Any CPU.ActiveCfg = Release|Any CPU
		{865B8089-B895-47C8-8E70-698FB4E4AD65}.Release|Any CPU.Build.0 = Release|Any CPU
		{7E93213E-818B-4755-9F43-2BA6412B5B7A}.Debug|Any CPU.ActiveCfg = Debug|Any CPU
		{7E93213E-818B-4755-9F43-2BA6412B5B7A}.Debug|Any CPU.Build.0 = Debug|Any CPU
		{7E93213E-818B-4755-9F43-2BA6412B5B7A}.Release|Any CPU.ActiveCfg = Release|Any CPU
		{7E93213E-818B-4755-9F43-2BA6412B5B7A}.Release|Any CPU.Build.0 = Release|Any CPU
		{8D405B65-4E29-42CF-A702-4E702CCA6D8C}.Debug|Any CPU.ActiveCfg = Debug|Any CPU
		{8D405B65-4E29-42CF-A702-4E702CCA6D8C}.Debug|Any CPU.Build.0 = Debug|Any CPU
		{8D405B65-4E29-42CF-A702-4E702CCA6D8C}.Release|Any CPU.ActiveCfg = Release|Any CPU
		{8D405B65-4E29-42CF-A702-4E702CCA6D8C}.Release|Any CPU.Build.0 = Release|Any CPU
		{E8F5AE35-FEF8-43A6-BC46-F59FFC7179F5}.Debug|Any CPU.ActiveCfg = Debug|Any CPU
		{E8F5AE35-FEF8-43A6-BC46-F59FFC7179F5}.Debug|Any CPU.Build.0 = Debug|Any CPU
		{E8F5AE35-FEF8-43A6-BC46-F59FFC7179F5}.Release|Any CPU.ActiveCfg = Release|Any CPU
		{E8F5AE35-FEF8-43A6-BC46-F59FFC7179F5}.Release|Any CPU.Build.0 = Release|Any CPU
	EndGlobalSection
	GlobalSection(SolutionProperties) = preSolution
		HideSolutionNode = FALSE
	EndGlobalSection
	GlobalSection(NestedProjects) = preSolution
		{D8EC6D4D-34E8-48C7-A4D4-70E09C8EC869} = {F2CCA2BD-95D1-4F9F-A033-C49F9CA42728}
		{1FA2B7FA-D54E-49C4-B821-DE3CD37FA724} = {46EB0178-B93C-4F6F-8742-0CF8756FACE2}
		{20E6E2C3-6BD1-4CA7-91A1-407FEFB8F109} = {86E58887-2EF0-442A-9F51-F40ABC361E74}
		{44785AD0-01B9-4982-9B17-858B2184F6DC} = {86E58887-2EF0-442A-9F51-F40ABC361E74}
		{935D5AEA-7D05-43AD-9BE3-8479706EF6B3} = {86E58887-2EF0-442A-9F51-F40ABC361E74}
		{D72E532F-15D0-4075-8121-4752367128D7} = {3E4E55E7-0B5A-4293-9A46-BBFEA6E2DE01}
		{CAF996ED-BE54-4118-A8DD-B193835E1A00} = {86E58887-2EF0-442A-9F51-F40ABC361E74}
		{4F18825A-23DA-4F5A-B716-EFC6B906EC1F} = {BE6BA579-97C9-4483-B374-AEE321EC7D31}
		{865B8089-B895-47C8-8E70-698FB4E4AD65} = {F2CCA2BD-95D1-4F9F-A033-C49F9CA42728}
		{7E93213E-818B-4755-9F43-2BA6412B5B7A} = {3E4E55E7-0B5A-4293-9A46-BBFEA6E2DE01}
		{8D405B65-4E29-42CF-A702-4E702CCA6D8C} = {1A9F520D-2229-4321-A82E-FB3353E6EB71}
		{E8F5AE35-FEF8-43A6-BC46-F59FFC7179F5} = {1A9F520D-2229-4321-A82E-FB3353E6EB71}
	EndGlobalSection
	GlobalSection(ExtensibilityGlobals) = postSolution
		SolutionGuid = {C3F70D25-65FD-4C32-98E5-561647C5E195}
	EndGlobalSection
EndGlobal
